name: Update lockfile (npm install)

on:
  workflow_dispatch:

permissions:
  contents: write

jobs:
  update-lock:
    runs-on: ubuntu-latest
    steps:
      - name: Checkout
        uses: actions/checkout@v4

      - name: Setup Node
        uses: actions/setup-node@v4
        with:
          node-version: 20
          cache: npm

      - name: Install deps (updates package-lock)
        run: npm install

      - name: Commit changes (if any)
        run: |
          git config user.name "github-actions[bot]"
          git config user.email "github-actions[bot]@users.noreply.github.com"
          git add package-lock.json package.json || true
          git diff --cached --quiet && echo "No changes to commit" && exit 0
          git commit -m "chore: update lockfile after next upgrade"
          git push
